
Microsoft Visual Studio Solution File, Format Version 12.00
# Visual Studio 15
VisualStudioVersion = 15.0.27428.2015
MinimumVisualStudioVersion = 10.0.40219.1
Project("{FAE04EC0-301F-11D3-BF4B-00C04F79EFBC}") = "Atestat", "Atestat\Atestat.csproj", "{56C5851E-2C31-4C61-9A13-B00A20826871}"
EndProject
Global
	GlobalSection(SolutionConfigurationPlatforms) = preSolution
		Debug|Any CPU = Debug|Any CPU
		Release|Any CPU = Release|Any CPU
	EndGlobalSection
	GlobalSection(ProjectConfigurationPlatforms) = postSolution
		{56C5851E-2C31-4C61-9A13-B00A20826871}.Debug|Any CPU.ActiveCfg = Debug|Any CPU
		{56C5851E-2C31-4C61-9A13-B00A20826871}.Debug|Any CPU.Build.0 = Debug|Any CPU
		{56C5851E-2C31-4C61-9A13-B00A20826871}.Release|Any CPU.ActiveCfg = Release|Any CPU
		{56C5851E-2C31-4C61-9A13-B00A20826871}.Release|Any CPU.Build.0 = Release|Any CPU
	EndGlobalSection
	GlobalSection(SolutionProperties) = preSolution
		HideSolutionNode = FALSE
	EndGlobalSection
	GlobalSection(ExtensibilityGlobals) = postSolution
		SolutionGuid = {A84700BB-78FE-43F0-B975-564DE8C5923C}
	EndGlobalSection
EndGlobal
